// !$*UTF8*$!
{
	archiveVersion = 1;
	classes = {
	};
	objectVersion = 50;
	objects = {

/* Begin PBXBuildFile section */
		9202E10321072AED00593F2C /* SOInfoKit.framework in Frameworks */ = {isa = PBXBuildFile; fileRef = 9202E10121072A5100593F2C /* SOInfoKit.framework */; };
		92BA5D9D20EB115C00321FFC /* RongJinFramework.h in Headers */ = {isa = PBXBuildFile; fileRef = 92BA5D9B20EB115C00321FFC /* RongJinFramework.h */; settings = {ATTRIBUTES = (Public, ); }; };
		92BA5DA720EB126C00321FFC /* Url.swift in Sources */ = {isa = PBXBuildFile; fileRef = 92BA5DA620EB126C00321FFC /* Url.swift */; };
		92BA5DA920EB129300321FFC /* Api.swift in Sources */ = {isa = PBXBuildFile; fileRef = 92BA5DA820EB129300321FFC /* Api.swift */; };
		92BA5DAC20EB134400321FFC /* Alamofire.framework in Frameworks */ = {isa = PBXBuildFile; fileRef = 92BA5DAB20EB134400321FFC /* Alamofire.framework */; };
		92BA5DAE20EB13C700321FFC /* AntFramework.framework in Frameworks */ = {isa = PBXBuildFile; fileRef = 92BA5DAD20EB13C700321FFC /* AntFramework.framework */; };
		92BA5DB220EB158C00321FFC /* Code.swift in Sources */ = {isa = PBXBuildFile; fileRef = 92BA5DB120EB158C00321FFC /* Code.swift */; };
		92BA5DB420EB16DB00321FFC /* Api+Instrument.swift in Sources */ = {isa = PBXBuildFile; fileRef = 92BA5DB320EB16DB00321FFC /* Api+Instrument.swift */; };
		ED4555FB22601F2F00C1FCD7 /* SwiftyJSON.swift in Sources */ = {isa = PBXBuildFile; fileRef = ED4555FA22601F2E00C1FCD7 /* SwiftyJSON.swift */; };
		ED8C08FD2102D8E600720D64 /* Api+User.swift in Sources */ = {isa = PBXBuildFile; fileRef = ED8C08FC2102D8E600720D64 /* Api+User.swift */; };
		ED8C090521033BFC00720D64 /* RongJinUser.swift in Sources */ = {isa = PBXBuildFile; fileRef = ED8C090421033BFC00720D64 /* RongJinUser.swift */; };
		EDD8A3A022CF1DE0007A5860 /* FoldModel.swift in Sources */ = {isa = PBXBuildFile; fileRef = EDD8A39F22CF1DE0007A5860 /* FoldModel.swift */; };
		EDE5B32D22C0CD5100011D23 /* RongJinManager.swift in Sources */ = {isa = PBXBuildFile; fileRef = EDE5B32C22C0CD5100011D23 /* RongJinManager.swift */; };
/* End PBXBuildFile section */

/* Begin PBXFileReference section */
		9202E10121072A5100593F2C /* SOInfoKit.framework */ = {isa = PBXFileReference; explicitFileType = wrapper.framework; path = SOInfoKit.framework; sourceTree = BUILT_PRODUCTS_DIR; };
		923E36CA211312D80016234D /* MarqueeLabelSwift.framework */ = {isa = PBXFileReference; explicitFileType = wrapper.framework; path = MarqueeLabelSwift.framework; sourceTree = BUILT_PRODUCTS_DIR; };
		923E36CC211312DF0016234D /* NotificationBanner.framework */ = {isa = PBXFileReference; explicitFileType = wrapper.framework; path = NotificationBanner.framework; sourceTree = BUILT_PRODUCTS_DIR; };
		923E36E621133FE20016234D /* Starscream.framework */ = {isa = PBXFileReference; explicitFileType = wrapper.framework; path = Starscream.framework; sourceTree = BUILT_PRODUCTS_DIR; };
		92BA5D9820EB115C00321FFC /* RongJinFramework.framework */ = {isa = PBXFileReference; explicitFileType = wrapper.framework; includeInIndex = 0; path = RongJinFramework.framework; sourceTree = BUILT_PRODUCTS_DIR; };
		92BA5D9B20EB115C00321FFC /* RongJinFramework.h */ = {isa = PBXFileReference; lastKnownFileType = sourcecode.c.h; path = RongJinFramework.h; sourceTree = "<group>"; };
		92BA5D9C20EB115C00321FFC /* Info.plist */ = {isa = PBXFileReference; lastKnownFileType = text.plist.xml; path = Info.plist; sourceTree = "<group>"; };
		92BA5DA620EB126C00321FFC /* Url.swift */ = {isa = PBXFileReference; lastKnownFileType = sourcecode.swift; path = Url.swift; sourceTree = "<group>"; };
		92BA5DA820EB129300321FFC /* Api.swift */ = {isa = PBXFileReference; lastKnownFileType = sourcecode.swift; path = Api.swift; sourceTree = "<group>"; };
		92BA5DAB20EB134400321FFC /* Alamofire.framework */ = {isa = PBXFileReference; explicitFileType = wrapper.framework; path = Alamofire.framework; sourceTree = BUILT_PRODUCTS_DIR; };
		92BA5DAD20EB13C700321FFC /* AntFramework.framework */ = {isa = PBXFileReference; explicitFileType = wrapper.framework; path = AntFramework.framework; sourceTree = BUILT_PRODUCTS_DIR; };
		92BA5DAF20EB145200321FFC /* CryptoSwift.framework */ = {isa = PBXFileReference; explicitFileType = wrapper.framework; path = CryptoSwift.framework; sourceTree = BUILT_PRODUCTS_DIR; };
		92BA5DB120EB158C00321FFC /* Code.swift */ = {isa = PBXFileReference; lastKnownFileType = sourcecode.swift; path = Code.swift; sourceTree = "<group>"; };
		92BA5DB320EB16DB00321FFC /* Api+Instrument.swift */ = {isa = PBXFileReference; lastKnownFileType = sourcecode.swift; path = "Api+Instrument.swift"; sourceTree = "<group>"; };
		92BA5DBF20EB1D4000321FFC /* HandyJSON.framework */ = {isa = PBXFileReference; explicitFileType = wrapper.framework; path = HandyJSON.framework; sourceTree = BUILT_PRODUCTS_DIR; };
		ED4555FA22601F2E00C1FCD7 /* SwiftyJSON.swift */ = {isa = PBXFileReference; fileEncoding = 4; lastKnownFileType = sourcecode.swift; path = SwiftyJSON.swift; sourceTree = "<group>"; };
		ED56F74122C07B5E00CACD49 /* Pods_TradingLive.framework */ = {isa = PBXFileReference; explicitFileType = wrapper.framework; path = Pods_TradingLive.framework; sourceTree = BUILT_PRODUCTS_DIR; };
		ED8C08FC2102D8E600720D64 /* Api+User.swift */ = {isa = PBXFileReference; lastKnownFileType = sourcecode.swift; path = "Api+User.swift"; sourceTree = "<group>"; };
		ED8C090421033BFC00720D64 /* RongJinUser.swift */ = {isa = PBXFileReference; lastKnownFileType = sourcecode.swift; path = RongJinUser.swift; sourceTree = "<group>"; };
		EDD8A39F22CF1DE0007A5860 /* FoldModel.swift */ = {isa = PBXFileReference; lastKnownFileType = sourcecode.swift; path = FoldModel.swift; sourceTree = "<group>"; };
		EDE5B31522C0C70200011D23 /* Kingfisher */ = {isa = PBXFileReference; lastKnownFileType = "compiled.mach-o.dylib"; name = Kingfisher; path = ../../Carthage/Build/iOS/Kingfisher.framework/Kingfisher; sourceTree = "<group>"; };
		EDE5B31722C0C71000011D23 /* Kingfisher.framework.dSYM */ = {isa = PBXFileReference; lastKnownFileType = wrapper.dsym; name = Kingfisher.framework.dSYM; path = ../../Carthage/Build/iOS/Kingfisher.framework.dSYM; sourceTree = "<group>"; };
		EDE5B31922C0C71600011D23 /* Kingfisher.framework */ = {isa = PBXFileReference; explicitFileType = wrapper.framework; path = Kingfisher.framework; sourceTree = BUILT_PRODUCTS_DIR; };
		EDE5B31B22C0C74500011D23 /* SnapKit.framework */ = {isa = PBXFileReference; explicitFileType = wrapper.framework; path = SnapKit.framework; sourceTree = BUILT_PRODUCTS_DIR; };
		EDE5B32C22C0CD5100011D23 /* RongJinManager.swift */ = {isa = PBXFileReference; fileEncoding = 4; lastKnownFileType = sourcecode.swift; path = RongJinManager.swift; sourceTree = "<group>"; };
/* End PBXFileReference section */

/* Begin PBXFrameworksBuildPhase section */
		92BA5D9420EB115C00321FFC /* Frameworks */ = {
			isa = PBXFrameworksBuildPhase;
			buildActionMask = 2147483647;
			files = (
				9202E10321072AED00593F2C /* SOInfoKit.framework in Frameworks */,
				92BA5DAE20EB13C700321FFC /* AntFramework.framework in Frameworks */,
				92BA5DAC20EB134400321FFC /* Alamofire.framework in Frameworks */,
			);
			runOnlyForDeploymentPostprocessing = 0;
		};
/* End PBXFrameworksBuildPhase section */

/* Begin PBXGroup section */
		927D339F20EC63600067971E /* Models */ = {
			isa = PBXGroup;
			children = (
				ED4555FA22601F2E00C1FCD7 /* SwiftyJSON.swift */,
				EDD8A39F22CF1DE0007A5860 /* FoldModel.swift */,
			);
			name = Models;
			sourceTree = "<group>";
		};
		927D33A020EC63740067971E /* Api */ = {
			isa = PBXGroup;
			children = (
				92BA5DB120EB158C00321FFC /* Code.swift */,
				92BA5DA620EB126C00321FFC /* Url.swift */,
				92BA5DA820EB129300321FFC /* Api.swift */,
				92BA5DB320EB16DB00321FFC /* Api+Instrument.swift */,
				ED8C08FC2102D8E600720D64 /* Api+User.swift */,
			);
			name = Api;
			sourceTree = "<group>";
		};
		92BA5D8E20EB115C00321FFC = {
			isa = PBXGroup;
			children = (
				92BA5DA320EB116E00321FFC /* Main */,
				92BA5D9A20EB115C00321FFC /* RongJinFramework */,
				92BA5D9920EB115C00321FFC /* Products */,
				92BA5DAA20EB134400321FFC /* Frameworks */,
			);
			sourceTree = "<group>";
		};
		92BA5D9920EB115C00321FFC /* Products */ = {
			isa = PBXGroup;
			children = (
				92BA5D9820EB115C00321FFC /* RongJinFramework.framework */,
			);
			name = Products;
			sourceTree = "<group>";
		};
		92BA5D9A20EB115C00321FFC /* RongJinFramework */ = {
			isa = PBXGroup;
			children = (
				92BA5D9B20EB115C00321FFC /* RongJinFramework.h */,
				92BA5D9C20EB115C00321FFC /* Info.plist */,
			);
			path = RongJinFramework;
			sourceTree = "<group>";
		};
		92BA5DA320EB116E00321FFC /* Main */ = {
			isa = PBXGroup;
			children = (
				EDE5B32C22C0CD5100011D23 /* RongJinManager.swift */,
				ED8C090421033BFC00720D64 /* RongJinUser.swift */,
				927D33A020EC63740067971E /* Api */,
				927D339F20EC63600067971E /* Models */,
			);
			name = Main;
			sourceTree = "<group>";
		};
		92BA5DAA20EB134400321FFC /* Frameworks */ = {
			isa = PBXGroup;
			children = (
				EDE5B31B22C0C74500011D23 /* SnapKit.framework */,
				EDE5B31922C0C71600011D23 /* Kingfisher.framework */,
				EDE5B31722C0C71000011D23 /* Kingfisher.framework.dSYM */,
				EDE5B31522C0C70200011D23 /* Kingfisher */,
				ED56F74122C07B5E00CACD49 /* Pods_TradingLive.framework */,
				923E36E621133FE20016234D /* Starscream.framework */,
				923E36CC211312DF0016234D /* NotificationBanner.framework */,
				923E36CA211312D80016234D /* MarqueeLabelSwift.framework */,
				9202E10121072A5100593F2C /* SOInfoKit.framework */,
				92BA5DBF20EB1D4000321FFC /* HandyJSON.framework */,
				92BA5DAF20EB145200321FFC /* CryptoSwift.framework */,
				92BA5DAD20EB13C700321FFC /* AntFramework.framework */,
				92BA5DAB20EB134400321FFC /* Alamofire.framework */,
			);
			name = Frameworks;
			sourceTree = "<group>";
		};
/* End PBXGroup section */

/* Begin PBXHeadersBuildPhase section */
		92BA5D9520EB115C00321FFC /* Headers */ = {
			isa = PBXHeadersBuildPhase;
			buildActionMask = 2147483647;
			files = (
				92BA5D9D20EB115C00321FFC /* RongJinFramework.h in Headers */,
			);
			runOnlyForDeploymentPostprocessing = 0;
		};
/* End PBXHeadersBuildPhase section */

/* Begin PBXNativeTarget section */
		92BA5D9720EB115C00321FFC /* RongJinFramework */ = {
			isa = PBXNativeTarget;
			buildConfigurationList = 92BA5DA020EB115C00321FFC /* Build configuration list for PBXNativeTarget "RongJinFramework" */;
			buildPhases = (
				92BA5D9320EB115C00321FFC /* Sources */,
				92BA5D9420EB115C00321FFC /* Frameworks */,
				92BA5D9520EB115C00321FFC /* Headers */,
				92BA5D9620EB115C00321FFC /* Resources */,
			);
			buildRules = (
			);
			dependencies = (
			);
			name = RongJinFramework;
			productName = RongJinFramework;
			productReference = 92BA5D9820EB115C00321FFC /* RongJinFramework.framework */;
			productType = "com.apple.product-type.framework";
		};
/* End PBXNativeTarget section */

/* Begin PBXProject section */
		92BA5D8F20EB115C00321FFC /* Project object */ = {
			isa = PBXProject;
			attributes = {
				LastUpgradeCheck = 0940;
				ORGANIZATIONNAME = Anthony;
				TargetAttributes = {
					92BA5D9720EB115C00321FFC = {
						CreatedOnToolsVersion = 9.4.1;
						LastSwiftMigration = 0940;
					};
				};
			};
			buildConfigurationList = 92BA5D9220EB115C00321FFC /* Build configuration list for PBXProject "RongJinFramework" */;
			compatibilityVersion = "Xcode 9.3";
			developmentRegion = en;
			hasScannedForEncodings = 0;
			knownRegions = (
				en,
			);
			mainGroup = 92BA5D8E20EB115C00321FFC;
			productRefGroup = 92BA5D9920EB115C00321FFC /* Products */;
			projectDirPath = "";
			projectRoot = "";
			targets = (
				92BA5D9720EB115C00321FFC /* RongJinFramework */,
			);
		};
/* End PBXProject section */

/* Begin PBXResourcesBuildPhase section */
		92BA5D9620EB115C00321FFC /* Resources */ = {
			isa = PBXResourcesBuildPhase;
			buildActionMask = 2147483647;
			files = (
			);
			runOnlyForDeploymentPostprocessing = 0;
		};
/* End PBXResourcesBuildPhase section */

/* Begin PBXSourcesBuildPhase section */
		92BA5D9320EB115C00321FFC /* Sources */ = {
			isa = PBXSourcesBuildPhase;
			buildActionMask = 2147483647;
			files = (
				EDD8A3A022CF1DE0007A5860 /* FoldModel.swift in Sources */,
				92BA5DB220EB158C00321FFC /* Code.swift in Sources */,
				EDE5B32D22C0CD5100011D23 /* RongJinManager.swift in Sources */,
				92BA5DA920EB129300321FFC /* Api.swift in Sources */,
				ED4555FB22601F2F00C1FCD7 /* SwiftyJSON.swift in Sources */,
				92BA5DB420EB16DB00321FFC /* Api+Instrument.swift in Sources */,
				ED8C08FD2102D8E600720D64 /* Api+User.swift in Sources */,
				ED8C090521033BFC00720D64 /* RongJinUser.swift in Sources */,
				92BA5DA720EB126C00321FFC /* Url.swift in Sources */,
			);
			runOnlyForDeploymentPostprocessing = 0;
		};
/* End PBXSourcesBuildPhase section */

/* Begin XCBuildConfiguration section */
		92BA5D9E20EB115C00321FFC /* Debug */ = {
			isa = XCBuildConfiguration;
			buildSettings = {
				ALWAYS_SEARCH_USER_PATHS = NO;
				CLANG_ANALYZER_NONNULL = YES;
				CLANG_ANALYZER_NUMBER_OBJECT_CONVERSION = YES_AGGRESSIVE;
				CLANG_CXX_LANGUAGE_STANDARD = "gnu++14";
				CLANG_CXX_LIBRARY = "libc++";
				CLANG_ENABLE_MODULES = YES;
				CLANG_ENABLE_OBJC_ARC = YES;
				CLANG_ENABLE_OBJC_WEAK = YES;
				CLANG_WARN_BLOCK_CAPTURE_AUTORELEASING = YES;
				CLANG_WARN_BOOL_CONVERSION = YES;
				CLANG_WARN_COMMA = YES;
				CLANG_WARN_CONSTANT_CONVERSION = YES;
				CLANG_WARN_DEPRECATED_OBJC_IMPLEMENTATIONS = YES;
				CLANG_WARN_DIRECT_OBJC_ISA_USAGE = YES_ERROR;
				CLANG_WARN_DOCUMENTATION_COMMENTS = YES;
				CLANG_WARN_EMPTY_BODY = YES;
				CLANG_WARN_ENUM_CONVERSION = YES;
				CLANG_WARN_INFINITE_RECURSION = YES;
				CLANG_WARN_INT_CONVERSION = YES;
				CLANG_WARN_NON_LITERAL_NULL_CONVERSION = YES;
				CLANG_WARN_OBJC_IMPLICIT_RETAIN_SELF = YES;
				CLANG_WARN_OBJC_LITERAL_CONVERSION = YES;
				CLANG_WARN_OBJC_ROOT_CLASS = YES_ERROR;
				CLANG_WARN_RANGE_LOOP_ANALYSIS = YES;
				CLANG_WARN_STRICT_PROTOTYPES = YES;
				CLANG_WARN_SUSPICIOUS_MOVE = YES;
				CLANG_WARN_UNGUARDED_AVAILABILITY = YES_AGGRESSIVE;
				CLANG_WARN_UNREACHABLE_CODE = YES;
				CLANG_WARN__DUPLICATE_METHOD_MATCH = YES;
				CODE_SIGN_IDENTITY = "iPhone Developer";
				COPY_PHASE_STRIP = NO;
				CURRENT_PROJECT_VERSION = 1;
				DEBUG_INFORMATION_FORMAT = dwarf;
				DEFINES_MODULE = YES;
				ENABLE_STRICT_OBJC_MSGSEND = YES;
				ENABLE_TESTABILITY = YES;
				GCC_C_LANGUAGE_STANDARD = gnu11;
				GCC_DYNAMIC_NO_PIC = NO;
				GCC_NO_COMMON_BLOCKS = YES;
				GCC_OPTIMIZATION_LEVEL = 0;
				GCC_PREPROCESSOR_DEFINITIONS = (
					"DEBUG=1",
					"$(inherited)",
				);
				GCC_WARN_64_TO_32_BIT_CONVERSION = YES;
				GCC_WARN_ABOUT_RETURN_TYPE = YES_ERROR;
				GCC_WARN_UNDECLARED_SELECTOR = YES;
				GCC_WARN_UNINITIALIZED_AUTOS = YES_AGGRESSIVE;
				GCC_WARN_UNUSED_FUNCTION = YES;
				GCC_WARN_UNUSED_VARIABLE = YES;
				IPHONEOS_DEPLOYMENT_TARGET = 9.0;
				MTL_ENABLE_DEBUG_INFO = YES;
				ONLY_ACTIVE_ARCH = YES;
				SDKROOT = iphoneos;
				SWIFT_ACTIVE_COMPILATION_CONDITIONS = DEBUG;
				SWIFT_OPTIMIZATION_LEVEL = "-Onone";
				SWIFT_VERSION = 5.0;
				VERSIONING_SYSTEM = "apple-generic";
				VERSION_INFO_PREFIX = "";
			};
			name = Debug;
		};
		92BA5D9F20EB115C00321FFC /* Release */ = {
			isa = XCBuildConfiguration;
			buildSettings = {
				ALWAYS_SEARCH_USER_PATHS = NO;
				CLANG_ANALYZER_NONNULL = YES;
				CLANG_ANALYZER_NUMBER_OBJECT_CONVERSION = YES_AGGRESSIVE;
				CLANG_CXX_LANGUAGE_STANDARD = "gnu++14";
				CLANG_CXX_LIBRARY = "libc++";
				CLANG_ENABLE_MODULES = YES;
				CLANG_ENABLE_OBJC_ARC = YES;
				CLANG_ENABLE_OBJC_WEAK = YES;
				CLANG_WARN_BLOCK_CAPTURE_AUTORELEASING = YES;
				CLANG_WARN_BOOL_CONVERSION = YES;
				CLANG_WARN_COMMA = YES;
				CLANG_WARN_CONSTANT_CONVERSION = YES;
				CLANG_WARN_DEPRECATED_OBJC_IMPLEMENTATIONS = YES;
				CLANG_WARN_DIRECT_OBJC_ISA_USAGE = YES_ERROR;
				CLANG_WARN_DOCUMENTATION_COMMENTS = YES;
				CLANG_WARN_EMPTY_BODY = YES;
				CLANG_WARN_ENUM_CONVERSION = YES;
				CLANG_WARN_INFINITE_RECURSION = YES;
				CLANG_WARN_INT_CONVERSION = YES;
				CLANG_WARN_NON_LITERAL_NULL_CONVERSION = YES;
				CLANG_WARN_OBJC_IMPLICIT_RETAIN_SELF = YES;
				CLANG_WARN_OBJC_LITERAL_CONVERSION = YES;
				CLANG_WARN_OBJC_ROOT_CLASS = YES_ERROR;
				CLANG_WARN_RANGE_LOOP_ANALYSIS = YES;
				CLANG_WARN_STRICT_PROTOTYPES = YES;
				CLANG_WARN_SUSPICIOUS_MOVE = YES;
				CLANG_WARN_UNGUARDED_AVAILABILITY = YES_AGGRESSIVE;
				CLANG_WARN_UNREACHABLE_CODE = YES;
				CLANG_WARN__DUPLICATE_METHOD_MATCH = YES;
				CODE_SIGN_IDENTITY = "iPhone Developer";
				COPY_PHASE_STRIP = NO;
				CURRENT_PROJECT_VERSION = 1;
				DEBUG_INFORMATION_FORMAT = "dwarf-with-dsym";
				DEFINES_MODULE = YES;
				ENABLE_NS_ASSERTIONS = NO;
				ENABLE_STRICT_OBJC_MSGSEND = YES;
				GCC_C_LANGUAGE_STANDARD = gnu11;
				GCC_NO_COMMON_BLOCKS = YES;
				GCC_WARN_64_TO_32_BIT_CONVERSION = YES;
				GCC_WARN_ABOUT_RETURN_TYPE = YES_ERROR;
				GCC_WARN_UNDECLARED_SELECTOR = YES;
				GCC_WARN_UNINITIALIZED_AUTOS = YES_AGGRESSIVE;
				GCC_WARN_UNUSED_FUNCTION = YES;
				GCC_WARN_UNUSED_VARIABLE = YES;
				IPHONEOS_DEPLOYMENT_TARGET = 9.0;
				MTL_ENABLE_DEBUG_INFO = NO;
				SDKROOT = iphoneos;
				SWIFT_COMPILATION_MODE = singlefile;
				SWIFT_OPTIMIZATION_LEVEL = "-O";
				SWIFT_VERSION = 5.0;
				VALIDATE_PRODUCT = YES;
				VERSIONING_SYSTEM = "apple-generic";
				VERSION_INFO_PREFIX = "";
			};
			name = Release;
		};
		92BA5DA120EB115C00321FFC /* Debug */ = {
			isa = XCBuildConfiguration;
			buildSettings = {
				CLANG_ENABLE_MODULES = YES;
				CODE_SIGN_IDENTITY = "";
				CODE_SIGN_STYLE = Automatic;
				DEFINES_MODULE = YES;
				DEVELOPMENT_TEAM = CMW238Q8DC;
				DYLIB_COMPATIBILITY_VERSION = 1;
				DYLIB_CURRENT_VERSION = 1;
				DYLIB_INSTALL_NAME_BASE = "@rpath";
				INFOPLIST_FILE = RongJinFramework/Info.plist;
				INSTALL_PATH = "$(LOCAL_LIBRARY_DIR)/Frameworks";
				LD_RUNPATH_SEARCH_PATHS = (
					"$(inherited)",
					"@executable_path/Frameworks",
					"@loader_path/Frameworks",
				);
				MODULEMAP_FILE = "";
				PRODUCT_BUNDLE_IDENTIFIER = com.mayifei.RongJinFramework;
				PRODUCT_NAME = "$(TARGET_NAME:c99extidentifier)";
				PUBLIC_HEADERS_FOLDER_PATH = "$(CONTENTS_FOLDER_PATH)/Headers";
				SKIP_INSTALL = YES;
				SWIFT_INSTALL_OBJC_HEADER = YES;
				SWIFT_OPTIMIZATION_LEVEL = "-Onone";
				SWIFT_VERSION = 5.0;
				TARGETED_DEVICE_FAMILY = "1,2";
			};
			name = Debug;
		};
		92BA5DA220EB115C00321FFC /* Release */ = {
			isa = XCBuildConfiguration;
			buildSettings = {
				CLANG_ENABLE_MODULES = YES;
				CODE_SIGN_IDENTITY = "";
				CODE_SIGN_STYLE = Automatic;
				DEFINES_MODULE = YES;
				DEVELOPMENT_TEAM = CMW238Q8DC;
				DYLIB_COMPATIBILITY_VERSION = 1;
				DYLIB_CURRENT_VERSION = 1;
				DYLIB_INSTALL_NAME_BASE = "@rpath";
				INFOPLIST_FILE = RongJinFramework/Info.plist;
				INSTALL_PATH = "$(LOCAL_LIBRARY_DIR)/Frameworks";
				LD_RUNPATH_SEARCH_PATHS = (
					"$(inherited)",
					"@executable_path/Frameworks",
					"@loader_path/Frameworks",
				);
				MODULEMAP_FILE = "";
				PRODUCT_BUNDLE_IDENTIFIER = com.mayifei.RongJinFramework;
				PRODUCT_NAME = "$(TARGET_NAME:c99extidentifier)";
				PUBLIC_HEADERS_FOLDER_PATH = "$(CONTENTS_FOLDER_PATH)/Headers";
				SKIP_INSTALL = YES;
				SWIFT_INSTALL_OBJC_HEADER = YES;
				SWIFT_VERSION = 5.0;
				TARGETED_DEVICE_FAMILY = "1,2";
			};
			name = Release;
		};
/* End XCBuildConfiguration section */

/* Begin XCConfigurationList section */
		92BA5D9220EB115C00321FFC /* Build configuration list for PBXProject "RongJinFramework" */ = {
			isa = XCConfigurationList;
			buildConfigurations = (
				92BA5D9E20EB115C00321FFC /* Debug */,
				92BA5D9F20EB115C00321FFC /* Release */,
			);
			defaultConfigurationIsVisible = 0;
			defaultConfigurationName = Release;
		};
		92BA5DA020EB115C00321FFC /* Build configuration list for PBXNativeTarget "RongJinFramework" */ = {
			isa = XCConfigurationList;
			buildConfigurations = (
				92BA5DA120EB115C00321FFC /* Debug */,
				92BA5DA220EB115C00321FFC /* Release */,
			);
			defaultConfigurationIsVisible = 0;
			defaultConfigurationName = Release;
		};
/* End XCConfigurationList section */
	};
	rootObject = 92BA5D8F20EB115C00321FFC /* Project object */;
}
